
Microsoft Visual Studio Solution File, Format Version 12.00
# Visual Studio Version 17
VisualStudioVersion = 17.8.34525.116
MinimumVisualStudioVersion = 10.0.40219.1
Project("{2150E333-8FDC-42A3-9474-1A3956D46DE8}") = "src", "src", "{AEA457CF-6D8E-4D8F-BA85-18BDAE9DBD10}"
EndProject
Project("{2150E333-8FDC-42A3-9474-1A3956D46DE8}") = "Gateway", "Gateway", "{74088200-7C31-4F63-9203-E1DAC945CF6F}"
EndProject
Project("{2150E333-8FDC-42A3-9474-1A3956D46DE8}") = "Microservices", "Microservices", "{66021C49-7B97-471D-BE7D-5D5AA3B13EA4}"
EndProject
Project("{2150E333-8FDC-42A3-9474-1A3956D46DE8}") = "User", "User", "{5BBE97D2-EEEE-459B-AEF5-A505DC6A8229}"
EndProject
Project("{2150E333-8FDC-42A3-9474-1A3956D46DE8}") = "Products", "Products", "{CD6FB777-4FEF-49C1-A4F4-FC2284185FA4}"
EndProject
Project("{E53339B2-1760-4266-BCC7-CA923CBCF16C}") = "docker-compose", "docker-compose.dcproj", "{FAD65F48-BE78-4C3D-BAD3-3A16EA36F8F5}"
EndProject
Project("{2150E333-8FDC-42A3-9474-1A3956D46DE8}") = "Infrastructure", "Infrastructure", "{2C38A1EF-E61D-468E-992C-574E3BF333A8}"
EndProject
Project("{2150E333-8FDC-42A3-9474-1A3956D46DE8}") = "Logging", "Logging", "{411978FE-6274-470C-A77F-5369697A3CAA}"
EndProject
Project("{9A19103F-16F7-4668-BE54-9A1E7A4F7556}") = "Gateway.API", "src\Gateway\Gateway.API\Gateway.API.csproj", "{DAF9773E-BAEE-4E50-B5A4-BF94F6F24698}"
EndProject
Project("{9A19103F-16F7-4668-BE54-9A1E7A4F7556}") = "Products.API", "src\Microservices\Products\Products.API\Products.API.csproj", "{51009FAA-B56C-4E20-972E-9C1749C5D4B1}"
EndProject
Project("{9A19103F-16F7-4668-BE54-9A1E7A4F7556}") = "Products.Domain", "src\Microservices\Products\Products.Domain\Products.Domain.csproj", "{0B3B81B6-B6A6-4157-89BF-0E4FE75F43BC}"
EndProject
Project("{9A19103F-16F7-4668-BE54-9A1E7A4F7556}") = "Products.Application", "src\Microservices\Products\Products.Application\Products.Application.csproj", "{914D452D-9F03-4798-B479-2AC25ABA19A7}"
EndProject
Project("{9A19103F-16F7-4668-BE54-9A1E7A4F7556}") = "Products.Infrastructure", "src\Microservices\Products\Products.Infrastructure\Products.Infrastructure.csproj", "{72EEC69D-1005-4F49-BF89-ED3D3D5684A8}"
EndProject
Project("{9A19103F-16F7-4668-BE54-9A1E7A4F7556}") = "Products.Shared", "src\Microservices\Products\Products.Shared\Products.Shared.csproj", "{373CEAA3-9160-456C-95A0-2807683A706B}"
EndProject
Project("{9A19103F-16F7-4668-BE54-9A1E7A4F7556}") = "Shared", "src\Shared\Shared.csproj", "{7CCBA443-ECBD-4671-B56B-27E11BF43BAF}"
EndProject
Project("{2150E333-8FDC-42A3-9474-1A3956D46DE8}") = "Auth", "Auth", "{4BED9CE9-8214-4A69-BFA4-23E79F66608E}"
EndProject
Project("{9A19103F-16F7-4668-BE54-9A1E7A4F7556}") = "Auth.Server", "src\Auth\Auth.Server\Auth.Server.csproj", "{B7E8D6E7-0816-44D4-BF81-B21DDCD32ECE}"
EndProject
Project("{9A19103F-16F7-4668-BE54-9A1E7A4F7556}") = "User.API", "src\Microservices\User\User.API\User.API.csproj", "{101ABD18-6A4F-4E9F-B905-F524E0FA16C9}"
EndProject
Project("{9A19103F-16F7-4668-BE54-9A1E7A4F7556}") = "User.Application", "src\Microservices\User\User.Application\User.Application.csproj", "{65CFFE0E-BC8D-470D-BCA1-FF05609303C4}"
EndProject
Project("{9A19103F-16F7-4668-BE54-9A1E7A4F7556}") = "User.Shared", "src\Microservices\User\User.Shared\User.Shared.csproj", "{323F94B6-4B47-40DF-A017-69B4E722B84D}"
EndProject
Global
	GlobalSection(SolutionConfigurationPlatforms) = preSolution
		Debug|Any CPU = Debug|Any CPU
		Release|Any CPU = Release|Any CPU
	EndGlobalSection
	GlobalSection(ProjectConfigurationPlatforms) = postSolution
		{FAD65F48-BE78-4C3D-BAD3-3A16EA36F8F5}.Debug|Any CPU.ActiveCfg = Debug|Any CPU
		{FAD65F48-BE78-4C3D-BAD3-3A16EA36F8F5}.Debug|Any CPU.Build.0 = Debug|Any CPU
		{FAD65F48-BE78-4C3D-BAD3-3A16EA36F8F5}.Release|Any CPU.ActiveCfg = Release|Any CPU
		{FAD65F48-BE78-4C3D-BAD3-3A16EA36F8F5}.Release|Any CPU.Build.0 = Release|Any CPU
		{DAF9773E-BAEE-4E50-B5A4-BF94F6F24698}.Debug|Any CPU.ActiveCfg = Debug|Any CPU
		{DAF9773E-BAEE-4E50-B5A4-BF94F6F24698}.Debug|Any CPU.Build.0 = Debug|Any CPU
		{DAF9773E-BAEE-4E50-B5A4-BF94F6F24698}.Release|Any CPU.ActiveCfg = Release|Any CPU
		{DAF9773E-BAEE-4E50-B5A4-BF94F6F24698}.Release|Any CPU.Build.0 = Release|Any CPU
		{51009FAA-B56C-4E20-972E-9C1749C5D4B1}.Debug|Any CPU.ActiveCfg = Debug|Any CPU
		{51009FAA-B56C-4E20-972E-9C1749C5D4B1}.Debug|Any CPU.Build.0 = Debug|Any CPU
		{51009FAA-B56C-4E20-972E-9C1749C5D4B1}.Release|Any CPU.ActiveCfg = Release|Any CPU
		{51009FAA-B56C-4E20-972E-9C1749C5D4B1}.Release|Any CPU.Build.0 = Release|Any CPU
		{0B3B81B6-B6A6-4157-89BF-0E4FE75F43BC}.Debug|Any CPU.ActiveCfg = Debug|Any CPU
		{0B3B81B6-B6A6-4157-89BF-0E4FE75F43BC}.Debug|Any CPU.Build.0 = Debug|Any CPU
		{0B3B81B6-B6A6-4157-89BF-0E4FE75F43BC}.Release|Any CPU.ActiveCfg = Release|Any CPU
		{0B3B81B6-B6A6-4157-89BF-0E4FE75F43BC}.Release|Any CPU.Build.0 = Release|Any CPU
		{914D452D-9F03-4798-B479-2AC25ABA19A7}.Debug|Any CPU.ActiveCfg = Debug|Any CPU
		{914D452D-9F03-4798-B479-2AC25ABA19A7}.Debug|Any CPU.Build.0 = Debug|Any CPU
		{914D452D-9F03-4798-B479-2AC25ABA19A7}.Release|Any CPU.ActiveCfg = Release|Any CPU
		{914D452D-9F03-4798-B479-2AC25ABA19A7}.Release|Any CPU.Build.0 = Release|Any CPU
		{72EEC69D-1005-4F49-BF89-ED3D3D5684A8}.Debug|Any CPU.ActiveCfg = Debug|Any CPU
		{72EEC69D-1005-4F49-BF89-ED3D3D5684A8}.Debug|Any CPU.Build.0 = Debug|Any CPU
		{72EEC69D-1005-4F49-BF89-ED3D3D5684A8}.Release|Any CPU.ActiveCfg = Release|Any CPU
		{72EEC69D-1005-4F49-BF89-ED3D3D5684A8}.Release|Any CPU.Build.0 = Release|Any CPU
		{373CEAA3-9160-456C-95A0-2807683A706B}.Debug|Any CPU.ActiveCfg = Debug|Any CPU
		{373CEAA3-9160-456C-95A0-2807683A706B}.Debug|Any CPU.Build.0 = Debug|Any CPU
		{373CEAA3-9160-456C-95A0-2807683A706B}.Release|Any CPU.ActiveCfg = Release|Any CPU
		{373CEAA3-9160-456C-95A0-2807683A706B}.Release|Any CPU.Build.0 = Release|Any CPU
		{7CCBA443-ECBD-4671-B56B-27E11BF43BAF}.Debug|Any CPU.ActiveCfg = Debug|Any CPU
		{7CCBA443-ECBD-4671-B56B-27E11BF43BAF}.Debug|Any CPU.Build.0 = Debug|Any CPU
		{7CCBA443-ECBD-4671-B56B-27E11BF43BAF}.Release|Any CPU.ActiveCfg = Release|Any CPU
		{7CCBA443-ECBD-4671-B56B-27E11BF43BAF}.Release|Any CPU.Build.0 = Release|Any CPU
		{B7E8D6E7-0816-44D4-BF81-B21DDCD32ECE}.Debug|Any CPU.ActiveCfg = Debug|Any CPU
		{B7E8D6E7-0816-44D4-BF81-B21DDCD32ECE}.Debug|Any CPU.Build.0 = Debug|Any CPU
		{B7E8D6E7-0816-44D4-BF81-B21DDCD32ECE}.Release|Any CPU.ActiveCfg = Release|Any CPU
		{B7E8D6E7-0816-44D4-BF81-B21DDCD32ECE}.Release|Any CPU.Build.0 = Release|Any CPU
		{101ABD18-6A4F-4E9F-B905-F524E0FA16C9}.Debug|Any CPU.ActiveCfg = Debug|Any CPU
		{101ABD18-6A4F-4E9F-B905-F524E0FA16C9}.Debug|Any CPU.Build.0 = Debug|Any CPU
		{101ABD18-6A4F-4E9F-B905-F524E0FA16C9}.Release|Any CPU.ActiveCfg = Release|Any CPU
		{101ABD18-6A4F-4E9F-B905-F524E0FA16C9}.Release|Any CPU.Build.0 = Release|Any CPU
		{65CFFE0E-BC8D-470D-BCA1-FF05609303C4}.Debug|Any CPU.ActiveCfg = Debug|Any CPU
		{65CFFE0E-BC8D-470D-BCA1-FF05609303C4}.Debug|Any CPU.Build.0 = Debug|Any CPU
		{65CFFE0E-BC8D-470D-BCA1-FF05609303C4}.Release|Any CPU.ActiveCfg = Release|Any CPU
		{65CFFE0E-BC8D-470D-BCA1-FF05609303C4}.Release|Any CPU.Build.0 = Release|Any CPU
		{323F94B6-4B47-40DF-A017-69B4E722B84D}.Debug|Any CPU.ActiveCfg = Debug|Any CPU
		{323F94B6-4B47-40DF-A017-69B4E722B84D}.Debug|Any CPU.Build.0 = Debug|Any CPU
		{323F94B6-4B47-40DF-A017-69B4E722B84D}.Release|Any CPU.ActiveCfg = Release|Any CPU
		{323F94B6-4B47-40DF-A017-69B4E722B84D}.Release|Any CPU.Build.0 = Release|Any CPU
	EndGlobalSection
	GlobalSection(SolutionProperties) = preSolution
		HideSolutionNode = FALSE
	EndGlobalSection
	GlobalSection(NestedProjects) = preSolution
		{74088200-7C31-4F63-9203-E1DAC945CF6F} = {AEA457CF-6D8E-4D8F-BA85-18BDAE9DBD10}
		{66021C49-7B97-471D-BE7D-5D5AA3B13EA4} = {AEA457CF-6D8E-4D8F-BA85-18BDAE9DBD10}
		{5BBE97D2-EEEE-459B-AEF5-A505DC6A8229} = {66021C49-7B97-471D-BE7D-5D5AA3B13EA4}
		{CD6FB777-4FEF-49C1-A4F4-FC2284185FA4} = {66021C49-7B97-471D-BE7D-5D5AA3B13EA4}
		{2C38A1EF-E61D-468E-992C-574E3BF333A8} = {AEA457CF-6D8E-4D8F-BA85-18BDAE9DBD10}
		{411978FE-6274-470C-A77F-5369697A3CAA} = {2C38A1EF-E61D-468E-992C-574E3BF333A8}
		{DAF9773E-BAEE-4E50-B5A4-BF94F6F24698} = {74088200-7C31-4F63-9203-E1DAC945CF6F}
		{51009FAA-B56C-4E20-972E-9C1749C5D4B1} = {CD6FB777-4FEF-49C1-A4F4-FC2284185FA4}
		{0B3B81B6-B6A6-4157-89BF-0E4FE75F43BC} = {CD6FB777-4FEF-49C1-A4F4-FC2284185FA4}
		{914D452D-9F03-4798-B479-2AC25ABA19A7} = {CD6FB777-4FEF-49C1-A4F4-FC2284185FA4}
		{72EEC69D-1005-4F49-BF89-ED3D3D5684A8} = {CD6FB777-4FEF-49C1-A4F4-FC2284185FA4}
		{373CEAA3-9160-456C-95A0-2807683A706B} = {CD6FB777-4FEF-49C1-A4F4-FC2284185FA4}
		{7CCBA443-ECBD-4671-B56B-27E11BF43BAF} = {AEA457CF-6D8E-4D8F-BA85-18BDAE9DBD10}
		{4BED9CE9-8214-4A69-BFA4-23E79F66608E} = {AEA457CF-6D8E-4D8F-BA85-18BDAE9DBD10}
		{B7E8D6E7-0816-44D4-BF81-B21DDCD32ECE} = {4BED9CE9-8214-4A69-BFA4-23E79F66608E}
		{101ABD18-6A4F-4E9F-B905-F524E0FA16C9} = {5BBE97D2-EEEE-459B-AEF5-A505DC6A8229}
		{65CFFE0E-BC8D-470D-BCA1-FF05609303C4} = {5BBE97D2-EEEE-459B-AEF5-A505DC6A8229}
		{323F94B6-4B47-40DF-A017-69B4E722B84D} = {5BBE97D2-EEEE-459B-AEF5-A505DC6A8229}
	EndGlobalSection
	GlobalSection(ExtensibilityGlobals) = postSolution
		SolutionGuid = {5F9E2F3A-0D52-49C6-9363-8ED027CC2AA2}
	EndGlobalSection
EndGlobal
