
Microsoft Visual Studio Solution File, Format Version 12.00
# Visual Studio Version 17
VisualStudioVersion = 17.8.34525.116
MinimumVisualStudioVersion = 10.0.40219.1
Project("{2150E333-8FDC-42A3-9474-1A3956D46DE8}") = "src", "src", "{AEA457CF-6D8E-4D8F-BA85-18BDAE9DBD10}"
EndProject
Project("{2150E333-8FDC-42A3-9474-1A3956D46DE8}") = "Gateway", "Gateway", "{74088200-7C31-4F63-9203-E1DAC945CF6F}"
EndProject
Project("{2150E333-8FDC-42A3-9474-1A3956D46DE8}") = "Microservices", "Microservices", "{66021C49-7B97-471D-BE7D-5D5AA3B13EA4}"
EndProject
Project("{2150E333-8FDC-42A3-9474-1A3956D46DE8}") = "docker", "docker", "{36484DB7-F1E8-481B-AAF7-0754030F92E2}"
EndProject
Project("{2150E333-8FDC-42A3-9474-1A3956D46DE8}") = "docker-compose", "docker-compose", "{0D9EFC23-FF84-45EC-BE08-97439DD54BC3}"
EndProject
Project("{2150E333-8FDC-42A3-9474-1A3956D46DE8}") = "User", "User", "{5BBE97D2-EEEE-459B-AEF5-A505DC6A8229}"
EndProject
Project("{2150E333-8FDC-42A3-9474-1A3956D46DE8}") = "Product", "Product", "{CD6FB777-4FEF-49C1-A4F4-FC2284185FA4}"
EndProject
Project("{E53339B2-1760-4266-BCC7-CA923CBCF16C}") = "docker-compose", "docker\docker-compose\docker-compose.dcproj", "{FAD65F48-BE78-4C3D-BAD3-3A16EA36F8F5}"
EndProject
Project("{2150E333-8FDC-42A3-9474-1A3956D46DE8}") = "Infrastructure", "Infrastructure", "{2C38A1EF-E61D-468E-992C-574E3BF333A8}"
EndProject
Project("{2150E333-8FDC-42A3-9474-1A3956D46DE8}") = "Logging", "Logging", "{411978FE-6274-470C-A77F-5369697A3CAA}"
EndProject
Project("{9A19103F-16F7-4668-BE54-9A1E7A4F7556}") = "Microservices.Gateway.API", "src\Gateway\Microservices.Gateway.API\Microservices.Gateway.API.csproj", "{DAF9773E-BAEE-4E50-B5A4-BF94F6F24698}"
EndProject
Project("{9A19103F-16F7-4668-BE54-9A1E7A4F7556}") = "MicroservicesCafe.Product.API", "src\Microservices\Product\MicroservicesCafe.Product.API\MicroservicesCafe.Product.API.csproj", "{51009FAA-B56C-4E20-972E-9C1749C5D4B1}"
EndProject
Project("{9A19103F-16F7-4668-BE54-9A1E7A4F7556}") = "MicroservicesCafe.Product.Domain", "src\Microservices\Product\MicroservicesCafe.Product.Domain\MicroservicesCafe.Product.Domain.csproj", "{0B3B81B6-B6A6-4157-89BF-0E4FE75F43BC}"
EndProject
Project("{9A19103F-16F7-4668-BE54-9A1E7A4F7556}") = "MicroservicesCafe.Product.Application", "src\Microservices\Product\MicroservicesCafe.Product.Application\MicroservicesCafe.Product.Application.csproj", "{914D452D-9F03-4798-B479-2AC25ABA19A7}"
EndProject
Project("{9A19103F-16F7-4668-BE54-9A1E7A4F7556}") = "MicroservicesCafe.Product.Infrastructure", "src\Microservices\Product\MicroservicesCafe.Product.Infrastructure\MicroservicesCafe.Product.Infrastructure.csproj", "{72EEC69D-1005-4F49-BF89-ED3D3D5684A8}"
EndProject
Project("{9A19103F-16F7-4668-BE54-9A1E7A4F7556}") = "MicroservicesCafe.Product.Shared", "src\Microservices\Product\MicroservicesCafe.Product.Shared\MicroservicesCafe.Product.Shared.csproj", "{373CEAA3-9160-456C-95A0-2807683A706B}"
EndProject
Project("{9A19103F-16F7-4668-BE54-9A1E7A4F7556}") = "MicroservicesCafe.Shared", "src\MicroservicesCafe.Shared\MicroservicesCafe.Shared.csproj", "{7CCBA443-ECBD-4671-B56B-27E11BF43BAF}"
EndProject
Global
	GlobalSection(SolutionConfigurationPlatforms) = preSolution
		Debug|Any CPU = Debug|Any CPU
		Release|Any CPU = Release|Any CPU
	EndGlobalSection
	GlobalSection(ProjectConfigurationPlatforms) = postSolution
		{FAD65F48-BE78-4C3D-BAD3-3A16EA36F8F5}.Debug|Any CPU.ActiveCfg = Debug|Any CPU
		{FAD65F48-BE78-4C3D-BAD3-3A16EA36F8F5}.Debug|Any CPU.Build.0 = Debug|Any CPU
		{FAD65F48-BE78-4C3D-BAD3-3A16EA36F8F5}.Release|Any CPU.ActiveCfg = Release|Any CPU
		{FAD65F48-BE78-4C3D-BAD3-3A16EA36F8F5}.Release|Any CPU.Build.0 = Release|Any CPU
		{DAF9773E-BAEE-4E50-B5A4-BF94F6F24698}.Debug|Any CPU.ActiveCfg = Debug|Any CPU
		{DAF9773E-BAEE-4E50-B5A4-BF94F6F24698}.Debug|Any CPU.Build.0 = Debug|Any CPU
		{DAF9773E-BAEE-4E50-B5A4-BF94F6F24698}.Release|Any CPU.ActiveCfg = Release|Any CPU
		{DAF9773E-BAEE-4E50-B5A4-BF94F6F24698}.Release|Any CPU.Build.0 = Release|Any CPU
		{51009FAA-B56C-4E20-972E-9C1749C5D4B1}.Debug|Any CPU.ActiveCfg = Debug|Any CPU
		{51009FAA-B56C-4E20-972E-9C1749C5D4B1}.Debug|Any CPU.Build.0 = Debug|Any CPU
		{51009FAA-B56C-4E20-972E-9C1749C5D4B1}.Release|Any CPU.ActiveCfg = Release|Any CPU
		{51009FAA-B56C-4E20-972E-9C1749C5D4B1}.Release|Any CPU.Build.0 = Release|Any CPU
		{0B3B81B6-B6A6-4157-89BF-0E4FE75F43BC}.Debug|Any CPU.ActiveCfg = Debug|Any CPU
		{0B3B81B6-B6A6-4157-89BF-0E4FE75F43BC}.Debug|Any CPU.Build.0 = Debug|Any CPU
		{0B3B81B6-B6A6-4157-89BF-0E4FE75F43BC}.Release|Any CPU.ActiveCfg = Release|Any CPU
		{0B3B81B6-B6A6-4157-89BF-0E4FE75F43BC}.Release|Any CPU.Build.0 = Release|Any CPU
		{914D452D-9F03-4798-B479-2AC25ABA19A7}.Debug|Any CPU.ActiveCfg = Debug|Any CPU
		{914D452D-9F03-4798-B479-2AC25ABA19A7}.Debug|Any CPU.Build.0 = Debug|Any CPU
		{914D452D-9F03-4798-B479-2AC25ABA19A7}.Release|Any CPU.ActiveCfg = Release|Any CPU
		{914D452D-9F03-4798-B479-2AC25ABA19A7}.Release|Any CPU.Build.0 = Release|Any CPU
		{72EEC69D-1005-4F49-BF89-ED3D3D5684A8}.Debug|Any CPU.ActiveCfg = Debug|Any CPU
		{72EEC69D-1005-4F49-BF89-ED3D3D5684A8}.Debug|Any CPU.Build.0 = Debug|Any CPU
		{72EEC69D-1005-4F49-BF89-ED3D3D5684A8}.Release|Any CPU.ActiveCfg = Release|Any CPU
		{72EEC69D-1005-4F49-BF89-ED3D3D5684A8}.Release|Any CPU.Build.0 = Release|Any CPU
		{373CEAA3-9160-456C-95A0-2807683A706B}.Debug|Any CPU.ActiveCfg = Debug|Any CPU
		{373CEAA3-9160-456C-95A0-2807683A706B}.Debug|Any CPU.Build.0 = Debug|Any CPU
		{373CEAA3-9160-456C-95A0-2807683A706B}.Release|Any CPU.ActiveCfg = Release|Any CPU
		{373CEAA3-9160-456C-95A0-2807683A706B}.Release|Any CPU.Build.0 = Release|Any CPU
		{7CCBA443-ECBD-4671-B56B-27E11BF43BAF}.Debug|Any CPU.ActiveCfg = Debug|Any CPU
		{7CCBA443-ECBD-4671-B56B-27E11BF43BAF}.Debug|Any CPU.Build.0 = Debug|Any CPU
		{7CCBA443-ECBD-4671-B56B-27E11BF43BAF}.Release|Any CPU.ActiveCfg = Release|Any CPU
		{7CCBA443-ECBD-4671-B56B-27E11BF43BAF}.Release|Any CPU.Build.0 = Release|Any CPU
	EndGlobalSection
	GlobalSection(SolutionProperties) = preSolution
		HideSolutionNode = FALSE
	EndGlobalSection
	GlobalSection(NestedProjects) = preSolution
		{74088200-7C31-4F63-9203-E1DAC945CF6F} = {AEA457CF-6D8E-4D8F-BA85-18BDAE9DBD10}
		{66021C49-7B97-471D-BE7D-5D5AA3B13EA4} = {AEA457CF-6D8E-4D8F-BA85-18BDAE9DBD10}
		{0D9EFC23-FF84-45EC-BE08-97439DD54BC3} = {36484DB7-F1E8-481B-AAF7-0754030F92E2}
		{5BBE97D2-EEEE-459B-AEF5-A505DC6A8229} = {66021C49-7B97-471D-BE7D-5D5AA3B13EA4}
		{CD6FB777-4FEF-49C1-A4F4-FC2284185FA4} = {66021C49-7B97-471D-BE7D-5D5AA3B13EA4}
		{FAD65F48-BE78-4C3D-BAD3-3A16EA36F8F5} = {0D9EFC23-FF84-45EC-BE08-97439DD54BC3}
		{2C38A1EF-E61D-468E-992C-574E3BF333A8} = {AEA457CF-6D8E-4D8F-BA85-18BDAE9DBD10}
		{411978FE-6274-470C-A77F-5369697A3CAA} = {2C38A1EF-E61D-468E-992C-574E3BF333A8}
		{DAF9773E-BAEE-4E50-B5A4-BF94F6F24698} = {74088200-7C31-4F63-9203-E1DAC945CF6F}
		{51009FAA-B56C-4E20-972E-9C1749C5D4B1} = {CD6FB777-4FEF-49C1-A4F4-FC2284185FA4}
		{0B3B81B6-B6A6-4157-89BF-0E4FE75F43BC} = {CD6FB777-4FEF-49C1-A4F4-FC2284185FA4}
		{914D452D-9F03-4798-B479-2AC25ABA19A7} = {CD6FB777-4FEF-49C1-A4F4-FC2284185FA4}
		{72EEC69D-1005-4F49-BF89-ED3D3D5684A8} = {CD6FB777-4FEF-49C1-A4F4-FC2284185FA4}
		{373CEAA3-9160-456C-95A0-2807683A706B} = {CD6FB777-4FEF-49C1-A4F4-FC2284185FA4}
		{7CCBA443-ECBD-4671-B56B-27E11BF43BAF} = {AEA457CF-6D8E-4D8F-BA85-18BDAE9DBD10}
	EndGlobalSection
	GlobalSection(ExtensibilityGlobals) = postSolution
		SolutionGuid = {5F9E2F3A-0D52-49C6-9363-8ED027CC2AA2}
	EndGlobalSection
EndGlobal
